// !$*UTF8*$!
{
	archiveVersion = 1;
	classes = {
	};
	objectVersion = 46;
	objects = {

/* Begin PBXBuildFile section */
		16B55A471B935E38001EDB00 /* AppDelegate.swift in Sources */ = {isa = PBXBuildFile; fileRef = 16B55A461B935E38001EDB00 /* AppDelegate.swift */; };
		16B55A491B935E38001EDB00 /* ViewController.swift in Sources */ = {isa = PBXBuildFile; fileRef = 16B55A481B935E38001EDB00 /* ViewController.swift */; };
		16B55A4C1B935E38001EDB00 /* Main.storyboard in Resources */ = {isa = PBXBuildFile; fileRef = 16B55A4A1B935E38001EDB00 /* Main.storyboard */; };
		16B55A4E1B935E38001EDB00 /* Images.xcassets in Resources */ = {isa = PBXBuildFile; fileRef = 16B55A4D1B935E38001EDB00 /* Images.xcassets */; };
		16B55A511B935E38001EDB00 /* LaunchScreen.xib in Resources */ = {isa = PBXBuildFile; fileRef = 16B55A4F1B935E38001EDB00 /* LaunchScreen.xib */; };
		16B55A5D1B935E38001EDB00 /* easy_browserTests.swift in Sources */ = {isa = PBXBuildFile; fileRef = 16B55A5C1B935E38001EDB00 /* easy_browserTests.swift */; };
/* End PBXBuildFile section */

/* Begin PBXContainerItemProxy section */
		16B55A571B935E38001EDB00 /* PBXContainerItemProxy */ = {
			isa = PBXContainerItemProxy;
			containerPortal = 16B55A391B935E37001EDB00 /* Project object */;
			proxyType = 1;
			remoteGlobalIDString = 16B55A401B935E38001EDB00;
			remoteInfo = "easy-browser";
		};
/* End PBXContainerItemProxy section */

/* Begin PBXFileReference section */
		16B55A411B935E38001EDB00 /* easy-browser.app */ = {isa = PBXFileReference; explicitFileType = wrapper.application; includeInIndex = 0; path = "easy-browser.app"; sourceTree = BUILT_PRODUCTS_DIR; };
		16B55A451B935E38001EDB00 /* Info.plist */ = {isa = PBXFileReference; lastKnownFileType = text.plist.xml; path = Info.plist; sourceTree = "<group>"; };
		16B55A461B935E38001EDB00 /* AppDelegate.swift */ = {isa = PBXFileReference; lastKnownFileType = sourcecode.swift; path = AppDelegate.swift; sourceTree = "<group>"; };
		16B55A481B935E38001EDB00 /* ViewController.swift */ = {isa = PBXFileReference; lastKnownFileType = sourcecode.swift; path = ViewController.swift; sourceTree = "<group>"; };
		16B55A4B1B935E38001EDB00 /* Base */ = {isa = PBXFileReference; lastKnownFileType = file.storyboard; name = Base; path = Base.lproj/Main.storyboard; sourceTree = "<group>"; };
		16B55A4D1B935E38001EDB00 /* Images.xcassets */ = {isa = PBXFileReference; lastKnownFileType = folder.assetcatalog; path = Images.xcassets; sourceTree = "<group>"; };
		16B55A501B935E38001EDB00 /* Base */ = {isa = PBXFileReference; lastKnownFileType = file.xib; name = Base; path = Base.lproj/LaunchScreen.xib; sourceTree = "<group>"; };
		16B55A561B935E38001EDB00 /* easy-browserTests.xctest */ = {isa = PBXFileReference; explicitFileType = wrapper.cfbundle; includeInIndex = 0; path = "easy-browserTests.xctest"; sourceTree = BUILT_PRODUCTS_DIR; };
		16B55A5B1B935E38001EDB00 /* Info.plist */ = {isa = PBXFileReference; lastKnownFileType = text.plist.xml; path = Info.plist; sourceTree = "<group>"; };
		16B55A5C1B935E38001EDB00 /* easy_browserTests.swift */ = {isa = PBXFileReference; lastKnownFileType = sourcecode.swift; path = easy_browserTests.swift; sourceTree = "<group>"; };
/* End PBXFileReference section */

/* Begin PBXFrameworksBuildPhase section */
		16B55A3E1B935E38001EDB00 /* Frameworks */ = {
			isa = PBXFrameworksBuildPhase;
			buildActionMask = 2147483647;
			files = (
			);
			runOnlyForDeploymentPostprocessing = 0;
		};
		16B55A531B935E38001EDB00 /* Frameworks */ = {
			isa = PBXFrameworksBuildPhase;
			buildActionMask = 2147483647;
			files = (
			);
			runOnlyForDeploymentPostprocessing = 0;
		};
/* End PBXFrameworksBuildPhase section */

/* Begin PBXGroup section */
		16B55A381B935E37001EDB00 = {
			isa = PBXGroup;
			children = (
				16B55A431B935E38001EDB00 /* easy-browser */,
				16B55A591B935E38001EDB00 /* easy-browserTests */,
				16B55A421B935E38001EDB00 /* Products */,
			);
			sourceTree = "<group>";
		};
		16B55A421B935E38001EDB00 /* Products */ = {
			isa = PBXGroup;
			children = (
				16B55A411B935E38001EDB00 /* easy-browser.app */,
				16B55A561B935E38001EDB00 /* easy-browserTests.xctest */,
			);
			name = Products;
			sourceTree = "<group>";
		};
		16B55A431B935E38001EDB00 /* easy-browser */ = {
			isa = PBXGroup;
			children = (
				16B55A461B935E38001EDB00 /* AppDelegate.swift */,
				16B55A481B935E38001EDB00 /* ViewController.swift */,
				16B55A4A1B935E38001EDB00 /* Main.storyboard */,
				16B55A4D1B935E38001EDB00 /* Images.xcassets */,
				16B55A4F1B935E38001EDB00 /* LaunchScreen.xib */,
				16B55A441B935E38001EDB00 /* Supporting Files */,
			);
			path = "easy-browser";
			sourceTree = "<group>";
		};
		16B55A441B935E38001EDB00 /* Supporting Files */ = {
			isa = PBXGroup;
			children = (
				16B55A451B935E38001EDB00 /* Info.plist */,
			);
			name = "Supporting Files";
			sourceTree = "<group>";
		};
		16B55A591B935E38001EDB00 /* easy-browserTests */ = {
			isa = PBXGroup;
			children = (
				16B55A5C1B935E38001EDB00 /* easy_browserTests.swift */,
				16B55A5A1B935E38001EDB00 /* Supporting Files */,
			);
			path = "easy-browserTests";
			sourceTree = "<group>";
		};
		16B55A5A1B935E38001EDB00 /* Supporting Files */ = {
			isa = PBXGroup;
			children = (
				16B55A5B1B935E38001EDB00 /* Info.plist */,
			);
			name = "Supporting Files";
			sourceTree = "<group>";
		};
/* End PBXGroup section */

/* Begin PBXNativeTarget section */
		16B55A401B935E38001EDB00 /* easy-browser */ = {
			isa = PBXNativeTarget;
			buildConfigurationList = 16B55A601B935E38001EDB00 /* Build configuration list for PBXNativeTarget "easy-browser" */;
			buildPhases = (
				16B55A3D1B935E38001EDB00 /* Sources */,
				16B55A3E1B935E38001EDB00 /* Frameworks */,
				16B55A3F1B935E38001EDB00 /* Resources */,
			);
			buildRules = (
			);
			dependencies = (
			);
			name = "easy-browser";
			productName = "easy-browser";
			productReference = 16B55A411B935E38001EDB00 /* easy-browser.app */;
			productType = "com.apple.product-type.application";
		};
		16B55A551B935E38001EDB00 /* easy-browserTests */ = {
			isa = PBXNativeTarget;
			buildConfigurationList = 16B55A631B935E38001EDB00 /* Build configuration list for PBXNativeTarget "easy-browserTests" */;
			buildPhases = (
				16B55A521B935E38001EDB00 /* Sources */,
				16B55A531B935E38001EDB00 /* Frameworks */,
				16B55A541B935E38001EDB00 /* Resources */,
			);
			buildRules = (
			);
			dependencies = (
				16B55A581B935E38001EDB00 /* PBXTargetDependency */,
			);
			name = "easy-browserTests";
			productName = "easy-browserTests";
			productReference = 16B55A561B935E38001EDB00 /* easy-browserTests.xctest */;
			productType = "com.apple.product-type.bundle.unit-test";
		};
/* End PBXNativeTarget section */

/* Begin PBXProject section */
		16B55A391B935E37001EDB00 /* Project object */ = {
			isa = PBXProject;
			attributes = {
				LastUpgradeCheck = 0640;
				ORGANIZATIONNAME = "Renan Kosicki";
				TargetAttributes = {
					16B55A401B935E38001EDB00 = {
						CreatedOnToolsVersion = 6.4;
					};
					16B55A551B935E38001EDB00 = {
						CreatedOnToolsVersion = 6.4;
						TestTargetID = 16B55A401B935E38001EDB00;
					};
				};
			};
			buildConfigurationList = 16B55A3C1B935E37001EDB00 /* Build configuration list for PBXProject "easy-browser" */;
			compatibilityVersion = "Xcode 3.2";
			developmentRegion = English;
			hasScannedForEncodings = 0;
			knownRegions = (
				en,
				Base,
			);
			mainGroup = 16B55A381B935E37001EDB00;
			productRefGroup = 16B55A421B935E38001EDB00 /* Products */;
			projectDirPath = "";
			projectRoot = "";
			targets = (
				16B55A401B935E38001EDB00 /* easy-browser */,
				16B55A551B935E38001EDB00 /* easy-browserTests */,
			);
		};
/* End PBXProject section */

/* Begin PBXResourcesBuildPhase section */
		16B55A3F1B935E38001EDB00 /* Resources */ = {
			isa = PBXResourcesBuildPhase;
			buildActionMask = 2147483647;
			files = (
				16B55A4C1B935E38001EDB00 /* Main.storyboard in Resources */,
				16B55A511B935E38001EDB00 /* LaunchScreen.xib in Resources */,
				16B55A4E1B935E38001EDB00 /* Images.xcassets in Resources */,
			);
			runOnlyForDeploymentPostprocessing = 0;
		};
		16B55A541B935E38001EDB00 /* Resources */ = {
			isa = PBXResourcesBuildPhase;
			buildActionMask = 2147483647;
			files = (
			);
			runOnlyForDeploymentPostprocessing = 0;
		};
/* End PBXResourcesBuildPhase section */

/* Begin PBXSourcesBuildPhase section */
		16B55A3D1B935E38001EDB00 /* Sources */ = {
			isa = PBXSourcesBuildPhase;
			buildActionMask = 2147483647;
			files = (
				16B55A491B935E38001EDB00 /* ViewController.swift in Sources */,
				16B55A471B935E38001EDB00 /* AppDelegate.swift in Sources */,
			);
			runOnlyForDeploymentPostprocessing = 0;
		};
		16B55A521B935E38001EDB00 /* Sources */ = {
			isa = PBXSourcesBuildPhase;
			buildActionMask = 2147483647;
			files = (
				16B55A5D1B935E38001EDB00 /* easy_browserTests.swift in Sources */,
			);
			runOnlyForDeploymentPostprocessing = 0;
		};
/* End PBXSourcesBuildPhase section */

/* Begin PBXTargetDependency section */
		16B55A581B935E38001EDB00 /* PBXTargetDependency */ = {
			isa = PBXTargetDependency;
			target = 16B55A401B935E38001EDB00 /* easy-browser */;
			targetProxy = 16B55A571B935E38001EDB00 /* PBXContainerItemProxy */;
		};
/* End PBXTargetDependency section */

/* Begin PBXVariantGroup section */
		16B55A4A1B935E38001EDB00 /* Main.storyboard */ = {
			isa = PBXVariantGroup;
			children = (
				16B55A4B1B935E38001EDB00 /* Base */,
			);
			name = Main.storyboard;
			sourceTree = "<group>";
		};
		16B55A4F1B935E38001EDB00 /* LaunchScreen.xib */ = {
			isa = PBXVariantGroup;
			children = (
				16B55A501B935E38001EDB00 /* Base */,
			);
			name = LaunchScreen.xib;
			sourceTree = "<group>";
		};
/* End PBXVariantGroup section */

/* Begin XCBuildConfiguration section */
		16B55A5E1B935E38001EDB00 /* Debug */ = {
			isa = XCBuildConfiguration;
			buildSettings = {
				ALWAYS_SEARCH_USER_PATHS = NO;
				CLANG_CXX_LANGUAGE_STANDARD = "gnu++0x";
				CLANG_CXX_LIBRARY = "libc++";
				CLANG_ENABLE_MODULES = YES;
				CLANG_ENABLE_OBJC_ARC = YES;
				CLANG_WARN_BOOL_CONVERSION = YES;
				CLANG_WARN_CONSTANT_CONVERSION = YES;
				CLANG_WARN_DIRECT_OBJC_ISA_USAGE = YES_ERROR;
				CLANG_WARN_EMPTY_BODY = YES;
				CLANG_WARN_ENUM_CONVERSION = YES;
				CLANG_WARN_INT_CONVERSION = YES;
				CLANG_WARN_OBJC_ROOT_CLASS = YES_ERROR;
				CLANG_WARN_UNREACHABLE_CODE = YES;
				CLANG_WARN__DUPLICATE_METHOD_MATCH = YES;
				"CODE_SIGN_IDENTITY[sdk=iphoneos*]" = "iPhone Developer";
				COPY_PHASE_STRIP = NO;
				DEBUG_INFORMATION_FORMAT = "dwarf-with-dsym";
				ENABLE_STRICT_OBJC_MSGSEND = YES;
				GCC_C_LANGUAGE_STANDARD = gnu99;
				GCC_DYNAMIC_NO_PIC = NO;
				GCC_NO_COMMON_BLOCKS = YES;
				GCC_OPTIMIZATION_LEVEL = 0;
				GCC_PREPROCESSOR_DEFINITIONS = (
					"DEBUG=1",
					"$(inherited)",
				);
				GCC_SYMBOLS_PRIVATE_EXTERN = NO;
				GCC_WARN_64_TO_32_BIT_CONVERSION = YES;
				GCC_WARN_ABOUT_RETURN_TYPE = YES_ERROR;
				GCC_WARN_UNDECLARED_SELECTOR = YES;
				GCC_WARN_UNINITIALIZED_AUTOS = YES_AGGRESSIVE;
				GCC_WARN_UNUSED_FUNCTION = YES;
				GCC_WARN_UNUSED_VARIABLE = YES;
				IPHONEOS_DEPLOYMENT_TARGET = 8.4;
				MTL_ENABLE_DEBUG_INFO = YES;
				ONLY_ACTIVE_ARCH = YES;
				SDKROOT = iphoneos;
				SWIFT_OPTIMIZATION_LEVEL = "-Onone";
			};
			name = Debug;
		};
		16B55A5F1B935E38001EDB00 /* Release */ = {
			isa = XCBuildConfiguration;
			buildSettings = {
				ALWAYS_SEARCH_USER_PATHS = NO;
				CLANG_CXX_LANGUAGE_STANDARD = "gnu++0x";
				CLANG_CXX_LIBRARY = "libc++";
				CLANG_ENABLE_MODULES = YES;
				CLANG_ENABLE_OBJC_ARC = YES;
				CLANG_WARN_BOOL_CONVERSION = YES;
				CLANG_WARN_CONSTANT_CONVERSION = YES;
				CLANG_WARN_DIRECT_OBJC_ISA_USAGE = YES_ERROR;
				CLANG_WARN_EMPTY_BODY = YES;
				CLANG_WARN_ENUM_CONVERSION = YES;
				CLANG_WARN_INT_CONVERSION = YES;
				CLANG_WARN_OBJC_ROOT_CLASS = YES_ERROR;
				CLANG_WARN_UNREACHABLE_CODE = YES;
				CLANG_WARN__DUPLICATE_METHOD_MATCH = YES;
				"CODE_SIGN_IDENTITY[sdk=iphoneos*]" = "iPhone Developer";
				COPY_PHASE_STRIP = NO;
				DEBUG_INFORMATION_FORMAT = "dwarf-with-dsym";
				ENABLE_NS_ASSERTIONS = NO;
				ENABLE_STRICT_OBJC_MSGSEND = YES;
				GCC_C_LANGUAGE_STANDARD = gnu99;
				GCC_NO_COMMON_BLOCKS = YES;
				GCC_WARN_64_TO_32_BIT_CONVERSION = YES;
				GCC_WARN_ABOUT_RETURN_TYPE = YES_ERROR;
				GCC_WARN_UNDECLARED_SELECTOR = YES;
				GCC_WARN_UNINITIALIZED_AUTOS = YES_AGGRESSIVE;
				GCC_WARN_UNUSED_FUNCTION = YES;
				GCC_WARN_UNUSED_VARIABLE = YES;
				IPHONEOS_DEPLOYMENT_TARGET = 8.4;
				MTL_ENABLE_DEBUG_INFO = NO;
				SDKROOT = iphoneos;
				VALIDATE_PRODUCT = YES;
			};
			name = Release;
		};
		16B55A611B935E38001EDB00 /* Debug */ = {
			isa = XCBuildConfiguration;
			buildSettings = {
				ASSETCATALOG_COMPILER_APPICON_NAME = AppIcon;
				INFOPLIST_FILE = "easy-browser/Info.plist";
				LD_RUNPATH_SEARCH_PATHS = "$(inherited) @executable_path/Frameworks";
				PRODUCT_NAME = "$(TARGET_NAME)";
			};
			name = Debug;
		};
		16B55A621B935E38001EDB00 /* Release */ = {
			isa = XCBuildConfiguration;
			buildSettings = {
				ASSETCATALOG_COMPILER_APPICON_NAME = AppIcon;
				INFOPLIST_FILE = "easy-browser/Info.plist";
				LD_RUNPATH_SEARCH_PATHS = "$(inherited) @executable_path/Frameworks";
				PRODUCT_NAME = "$(TARGET_NAME)";
			};
			name = Release;
		};
		16B55A641B935E38001EDB00 /* Debug */ = {
			isa = XCBuildConfiguration;
			buildSettings = {
				BUNDLE_LOADER = "$(TEST_HOST)";
				FRAMEWORK_SEARCH_PATHS = (
					"$(SDKROOT)/Developer/Library/Frameworks",
					"$(inherited)",
				);
				GCC_PREPROCESSOR_DEFINITIONS = (
					"DEBUG=1",
					"$(inherited)",
				);
				INFOPLIST_FILE = "easy-browserTests/Info.plist";
				LD_RUNPATH_SEARCH_PATHS = "$(inherited) @executable_path/Frameworks @loader_path/Frameworks";
				PRODUCT_NAME = "$(TARGET_NAME)";
				TEST_HOST = "$(BUILT_PRODUCTS_DIR)/easy-browser.app/easy-browser";
			};
			name = Debug;
		};
		16B55A651B935E38001EDB00 /* Release */ = {
			isa = XCBuildConfiguration;
			buildSettings = {
				BUNDLE_LOADER = "$(TEST_HOST)";
				FRAMEWORK_SEARCH_PATHS = (
					"$(SDKROOT)/Developer/Library/Frameworks",
					"$(inherited)",
				);
				INFOPLIST_FILE = "easy-browserTests/Info.plist";
				LD_RUNPATH_SEARCH_PATHS = "$(inherited) @executable_path/Frameworks @loader_path/Frameworks";
				PRODUCT_NAME = "$(TARGET_NAME)";
				TEST_HOST = "$(BUILT_PRODUCTS_DIR)/easy-browser.app/easy-browser";
			};
			name = Release;
		};
/* End XCBuildConfiguration section */

/* Begin XCConfigurationList section */
		16B55A3C1B935E37001EDB00 /* Build configuration list for PBXProject "easy-browser" */ = {
			isa = XCConfigurationList;
			buildConfigurations = (
				16B55A5E1B935E38001EDB00 /* Debug */,
				16B55A5F1B935E38001EDB00 /* Release */,
			);
			defaultConfigurationIsVisible = 0;
			defaultConfigurationName = Release;
		};
		16B55A601B935E38001EDB00 /* Build configuration list for PBXNativeTarget "easy-browser" */ = {
			isa = XCConfigurationList;
			buildConfigurations = (
				16B55A611B935E38001EDB00 /* Debug */,
				16B55A621B935E38001EDB00 /* Release */,
			);
			defaultConfigurationIsVisible = 0;
		};
		16B55A631B935E38001EDB00 /* Build configuration list for PBXNativeTarget "easy-browserTests" */ = {
			isa = XCConfigurationList;
			buildConfigurations = (
				16B55A641B935E38001EDB00 /* Debug */,
				16B55A651B935E38001EDB00 /* Release */,
			);
			defaultConfigurationIsVisible = 0;
		};
/* End XCConfigurationList section */
	};
	rootObject = 16B55A391B935E37001EDB00 /* Project object */;
}
